// !$*UTF8*$!
{
	archiveVersion = 1;
	classes = {
	};
	objectVersion = 51;
	objects = {

/* Begin PBXBuildFile section */
		2F9A8C2224ED86330080BB1C /* AppDelegate.m in Sources */ = {isa = PBXBuildFile; fileRef = 2F9A8C2124ED86330080BB1C /* AppDelegate.m */; };
		2F9A8C2524ED86330080BB1C /* SceneDelegate.m in Sources */ = {isa = PBXBuildFile; fileRef = 2F9A8C2424ED86330080BB1C /* SceneDelegate.m */; };
		2F9A8C2824ED86330080BB1C /* ViewController.m in Sources */ = {isa = PBXBuildFile; fileRef = 2F9A8C2724ED86330080BB1C /* ViewController.m */; };
		2F9A8C2B24ED86330080BB1C /* Main.storyboard in Resources */ = {isa = PBXBuildFile; fileRef = 2F9A8C2924ED86330080BB1C /* Main.storyboard */; };
		2F9A8C2D24ED86340080BB1C /* Assets.xcassets in Resources */ = {isa = PBXBuildFile; fileRef = 2F9A8C2C24ED86340080BB1C /* Assets.xcassets */; };
		2F9A8C3024ED86340080BB1C /* LaunchScreen.storyboard in Resources */ = {isa = PBXBuildFile; fileRef = 2F9A8C2E24ED86340080BB1C /* LaunchScreen.storyboard */; };
		2F9A8C3324ED86340080BB1C /* main.m in Sources */ = {isa = PBXBuildFile; fileRef = 2F9A8C3224ED86340080BB1C /* main.m */; };
		E8DA9E3A49187ECD9081E207 /* Pods_Snake.framework in Frameworks */ = {isa = PBXBuildFile; fileRef = 821A34E466C1AEDB088A9283 /* Pods_Snake.framework */; };
/* End PBXBuildFile section */

/* Begin PBXFileReference section */
		0D1446BD96F466C891F7E584 /* Pods-Snake.release.xcconfig */ = {isa = PBXFileReference; includeInIndex = 1; lastKnownFileType = text.xcconfig; name = "Pods-Snake.release.xcconfig"; path = "Target Support Files/Pods-Snake/Pods-Snake.release.xcconfig"; sourceTree = "<group>"; };
		2F9A8C1D24ED86330080BB1C /* Snake.app */ = {isa = PBXFileReference; explicitFileType = wrapper.application; includeInIndex = 0; path = Snake.app; sourceTree = BUILT_PRODUCTS_DIR; };
		2F9A8C2024ED86330080BB1C /* AppDelegate.h */ = {isa = PBXFileReference; lastKnownFileType = sourcecode.c.h; path = AppDelegate.h; sourceTree = "<group>"; };
		2F9A8C2124ED86330080BB1C /* AppDelegate.m */ = {isa = PBXFileReference; lastKnownFileType = sourcecode.c.objc; path = AppDelegate.m; sourceTree = "<group>"; };
		2F9A8C2324ED86330080BB1C /* SceneDelegate.h */ = {isa = PBXFileReference; lastKnownFileType = sourcecode.c.h; path = SceneDelegate.h; sourceTree = "<group>"; };
		2F9A8C2424ED86330080BB1C /* SceneDelegate.m */ = {isa = PBXFileReference; lastKnownFileType = sourcecode.c.objc; path = SceneDelegate.m; sourceTree = "<group>"; };
		2F9A8C2624ED86330080BB1C /* ViewController.h */ = {isa = PBXFileReference; lastKnownFileType = sourcecode.c.h; path = ViewController.h; sourceTree = "<group>"; };
		2F9A8C2724ED86330080BB1C /* ViewController.m */ = {isa = PBXFileReference; lastKnownFileType = sourcecode.c.objc; path = ViewController.m; sourceTree = "<group>"; };
		2F9A8C2A24ED86330080BB1C /* Base */ = {isa = PBXFileReference; lastKnownFileType = file.storyboard; name = Base; path = Base.lproj/Main.storyboard; sourceTree = "<group>"; };
		2F9A8C2C24ED86340080BB1C /* Assets.xcassets */ = {isa = PBXFileReference; lastKnownFileType = folder.assetcatalog; path = Assets.xcassets; sourceTree = "<group>"; };
		2F9A8C2F24ED86340080BB1C /* Base */ = {isa = PBXFileReference; lastKnownFileType = file.storyboard; name = Base; path = Base.lproj/LaunchScreen.storyboard; sourceTree = "<group>"; };
		2F9A8C3124ED86340080BB1C /* Info.plist */ = {isa = PBXFileReference; lastKnownFileType = text.plist.xml; path = Info.plist; sourceTree = "<group>"; };
		2F9A8C3224ED86340080BB1C /* main.m */ = {isa = PBXFileReference; lastKnownFileType = sourcecode.c.objc; path = main.m; sourceTree = "<group>"; };
		65611868C28A357EE36114BE /* Pods-Snake.debug.xcconfig */ = {isa = PBXFileReference; includeInIndex = 1; lastKnownFileType = text.xcconfig; name = "Pods-Snake.debug.xcconfig"; path = "Target Support Files/Pods-Snake/Pods-Snake.debug.xcconfig"; sourceTree = "<group>"; };
		821A34E466C1AEDB088A9283 /* Pods_Snake.framework */ = {isa = PBXFileReference; explicitFileType = wrapper.framework; includeInIndex = 0; path = Pods_Snake.framework; sourceTree = BUILT_PRODUCTS_DIR; };
/* End PBXFileReference section */

/* Begin PBXFrameworksBuildPhase section */
		2F9A8C1A24ED86330080BB1C /* Frameworks */ = {
			isa = PBXFrameworksBuildPhase;
			buildActionMask = 2147483647;
			files = (
				E8DA9E3A49187ECD9081E207 /* Pods_Snake.framework in Frameworks */,
			);
			runOnlyForDeploymentPostprocessing = 0;
		};
/* End PBXFrameworksBuildPhase section */

/* Begin PBXGroup section */
		2F9A8C1424ED86320080BB1C = {
			isa = PBXGroup;
			children = (
				2F9A8C1F24ED86330080BB1C /* Snake */,
				2F9A8C1E24ED86330080BB1C /* Products */,
				A9330A42C6330DC7510F7B3F /* Pods */,
				5AE7A3491E83BB05174774C3 /* Frameworks */,
			);
			sourceTree = "<group>";
		};
		2F9A8C1E24ED86330080BB1C /* Products */ = {
			isa = PBXGroup;
			children = (
				2F9A8C1D24ED86330080BB1C /* Snake.app */,
			);
			name = Products;
			sourceTree = "<group>";
		};
		2F9A8C1F24ED86330080BB1C /* Snake */ = {
			isa = PBXGroup;
			children = (
				2F9A8C2024ED86330080BB1C /* AppDelegate.h */,
				2F9A8C2124ED86330080BB1C /* AppDelegate.m */,
				2F9A8C2324ED86330080BB1C /* SceneDelegate.h */,
				2F9A8C2424ED86330080BB1C /* SceneDelegate.m */,
				2F9A8C2624ED86330080BB1C /* ViewController.h */,
				2F9A8C2724ED86330080BB1C /* ViewController.m */,
				2F9A8C2924ED86330080BB1C /* Main.storyboard */,
				2F9A8C2C24ED86340080BB1C /* Assets.xcassets */,
				2F9A8C2E24ED86340080BB1C /* LaunchScreen.storyboard */,
				2F9A8C3124ED86340080BB1C /* Info.plist */,
				2F9A8C3224ED86340080BB1C /* main.m */,
			);
			path = Snake;
			sourceTree = "<group>";
		};
		5AE7A3491E83BB05174774C3 /* Frameworks */ = {
			isa = PBXGroup;
			children = (
				821A34E466C1AEDB088A9283 /* Pods_Snake.framework */,
			);
			name = Frameworks;
			sourceTree = "<group>";
		};
		A9330A42C6330DC7510F7B3F /* Pods */ = {
			isa = PBXGroup;
			children = (
				65611868C28A357EE36114BE /* Pods-Snake.debug.xcconfig */,
				0D1446BD96F466C891F7E584 /* Pods-Snake.release.xcconfig */,
			);
			path = Pods;
			sourceTree = "<group>";
		};
/* End PBXGroup section */

/* Begin PBXNativeTarget section */
		2F9A8C1C24ED86330080BB1C /* Snake */ = {
			isa = PBXNativeTarget;
			buildConfigurationList = 2F9A8C3624ED86340080BB1C /* Build configuration list for PBXNativeTarget "Snake" */;
			buildPhases = (
				9FE2110081B14628AB747076 /* [CP] Check Pods Manifest.lock */,
				2F9A8C1924ED86330080BB1C /* Sources */,
				2F9A8C1A24ED86330080BB1C /* Frameworks */,
				2F9A8C1B24ED86330080BB1C /* Resources */,
				AB1B06DECD6566CF4E6679BB /* [CP] Embed Pods Frameworks */,
			);
			buildRules = (
			);
			dependencies = (
			);
			name = Snake;
			productName = Snake;
			productReference = 2F9A8C1D24ED86330080BB1C /* Snake.app */;
			productType = "com.apple.product-type.application";
		};
/* End PBXNativeTarget section */

/* Begin PBXProject section */
		2F9A8C1524ED86320080BB1C /* Project object */ = {
			isa = PBXProject;
			attributes = {
				LastUpgradeCheck = 1160;
				ORGANIZATIONNAME = "马 爱林";
				TargetAttributes = {
					2F9A8C1C24ED86330080BB1C = {
						CreatedOnToolsVersion = 11.6;
					};
				};
			};
			buildConfigurationList = 2F9A8C1824ED86330080BB1C /* Build configuration list for PBXProject "Snake" */;
			compatibilityVersion = "Xcode 9.3";
			developmentRegion = en;
			hasScannedForEncodings = 0;
			knownRegions = (
				en,
				Base,
			);
			mainGroup = 2F9A8C1424ED86320080BB1C;
			productRefGroup = 2F9A8C1E24ED86330080BB1C /* Products */;
			projectDirPath = "";
			projectRoot = "";
			targets = (
				2F9A8C1C24ED86330080BB1C /* Snake */,
			);
		};
/* End PBXProject section */

/* Begin PBXResourcesBuildPhase section */
		2F9A8C1B24ED86330080BB1C /* Resources */ = {
			isa = PBXResourcesBuildPhase;
			buildActionMask = 2147483647;
			files = (
				2F9A8C3024ED86340080BB1C /* LaunchScreen.storyboard in Resources */,
				2F9A8C2D24ED86340080BB1C /* Assets.xcassets in Resources */,
				2F9A8C2B24ED86330080BB1C /* Main.storyboard in Resources */,
			);
			runOnlyForDeploymentPostprocessing = 0;
		};
/* End PBXResourcesBuildPhase section */

/* Begin PBXShellScriptBuildPhase section */
		9FE2110081B14628AB747076 /* [CP] Check Pods Manifest.lock */ = {
			isa = PBXShellScriptBuildPhase;
			buildActionMask = 2147483647;
			files = (
			);
			inputFileListPaths = (
			);
			inputPaths = (
				"${PODS_PODFILE_DIR_PATH}/Podfile.lock",
				"${PODS_ROOT}/Manifest.lock",
			);
			name = "[CP] Check Pods Manifest.lock";
			outputFileListPaths = (
			);
			outputPaths = (
				"$(DERIVED_FILE_DIR)/Pods-Snake-checkManifestLockResult.txt",
			);
			runOnlyForDeploymentPostprocessing = 0;
			shellPath = /bin/sh;
			shellScript = "diff \"${PODS_PODFILE_DIR_PATH}/Podfile.lock\" \"${PODS_ROOT}/Manifest.lock\" > /dev/null\nif [ $? != 0 ] ; then\n    # print error to STDERR\n    echo \"error: The sandbox is not in sync with the Podfile.lock. Run 'pod install' or update your CocoaPods installation.\" >&2\n    exit 1\nfi\n# This output is used by Xcode 'outputs' to avoid re-running this script phase.\necho \"SUCCESS\" > \"${SCRIPT_OUTPUT_FILE_0}\"\n";
			showEnvVarsInLog = 0;
		};
		AB1B06DECD6566CF4E6679BB /* [CP] Embed Pods Frameworks */ = {
			isa = PBXShellScriptBuildPhase;
			buildActionMask = 2147483647;
			files = (
			);
			inputFileListPaths = (
				"${PODS_ROOT}/Target Support Files/Pods-Snake/Pods-Snake-frameworks-${CONFIGURATION}-input-files.xcfilelist",
			);
			name = "[CP] Embed Pods Frameworks";
			outputFileListPaths = (
				"${PODS_ROOT}/Target Support Files/Pods-Snake/Pods-Snake-frameworks-${CONFIGURATION}-output-files.xcfilelist",
			);
			runOnlyForDeploymentPostprocessing = 0;
			shellPath = /bin/sh;
			shellScript = "\"${PODS_ROOT}/Target Support Files/Pods-Snake/Pods-Snake-frameworks.sh\"\n";
			showEnvVarsInLog = 0;
		};
/* End PBXShellScriptBuildPhase section */

/* Begin PBXSourcesBuildPhase section */
		2F9A8C1924ED86330080BB1C /* Sources */ = {
			isa = PBXSourcesBuildPhase;
			buildActionMask = 2147483647;
			files = (
				2F9A8C2824ED86330080BB1C /* ViewController.m in Sources */,
				2F9A8C2224ED86330080BB1C /* AppDelegate.m in Sources */,
				2F9A8C3324ED86340080BB1C /* main.m in Sources */,
				2F9A8C2524ED86330080BB1C /* SceneDelegate.m in Sources */,
			);
			runOnlyForDeploymentPostprocessing = 0;
		};
/* End PBXSourcesBuildPhase section */

/* Begin PBXVariantGroup section */
		2F9A8C2924ED86330080BB1C /* Main.storyboard */ = {
			isa = PBXVariantGroup;
			children = (
				2F9A8C2A24ED86330080BB1C /* Base */,
			);
			name = Main.storyboard;
			sourceTree = "<group>";
		};
		2F9A8C2E24ED86340080BB1C /* LaunchScreen.storyboard */ = {
			isa = PBXVariantGroup;
			children = (
				2F9A8C2F24ED86340080BB1C /* Base */,
			);
			name = LaunchScreen.storyboard;
			sourceTree = "<group>";
		};
/* End PBXVariantGroup section */

/* Begin XCBuildConfiguration section */
		2F9A8C3424ED86340080BB1C /* Debug */ = {
			isa = XCBuildConfiguration;
			buildSettings = {
				ALWAYS_SEARCH_USER_PATHS = NO;
				CLANG_ANALYZER_NONNULL = YES;
				CLANG_ANALYZER_NUMBER_OBJECT_CONVERSION = YES_AGGRESSIVE;
				CLANG_CXX_LANGUAGE_STANDARD = "gnu++14";
				CLANG_CXX_LIBRARY = "libc++";
				CLANG_ENABLE_MODULES = YES;
				CLANG_ENABLE_OBJC_ARC = YES;
				CLANG_ENABLE_OBJC_WEAK = YES;
				CLANG_WARN_BLOCK_CAPTURE_AUTORELEASING = YES;
				CLANG_WARN_BOOL_CONVERSION = YES;
				CLANG_WARN_COMMA = YES;
				CLANG_WARN_CONSTANT_CONVERSION = YES;
				CLANG_WARN_DEPRECATED_OBJC_IMPLEMENTATIONS = YES;
				CLANG_WARN_DIRECT_OBJC_ISA_USAGE = YES_ERROR;
				CLANG_WARN_DOCUMENTATION_COMMENTS = YES;
				CLANG_WARN_EMPTY_BODY = YES;
				CLANG_WARN_ENUM_CONVERSION = YES;
				CLANG_WARN_INFINITE_RECURSION = YES;
				CLANG_WARN_INT_CONVERSION = YES;
				CLANG_WARN_NON_LITERAL_NULL_CONVERSION = YES;
				CLANG_WARN_OBJC_IMPLICIT_RETAIN_SELF = YES;
				CLANG_WARN_OBJC_LITERAL_CONVERSION = YES;
				CLANG_WARN_OBJC_ROOT_CLASS = YES_ERROR;
				CLANG_WARN_RANGE_LOOP_ANALYSIS = YES;
				CLANG_WARN_STRICT_PROTOTYPES = YES;
				CLANG_WARN_SUSPICIOUS_MOVE = YES;
				CLANG_WARN_UNGUARDED_AVAILABILITY = YES_AGGRESSIVE;
				CLANG_WARN_UNREACHABLE_CODE = YES;
				CLANG_WARN__DUPLICATE_METHOD_MATCH = YES;
				COPY_PHASE_STRIP = NO;
				DEBUG_INFORMATION_FORMAT = dwarf;
				ENABLE_STRICT_OBJC_MSGSEND = YES;
				ENABLE_TESTABILITY = YES;
				GCC_C_LANGUAGE_STANDARD = gnu11;
				GCC_DYNAMIC_NO_PIC = NO;
				GCC_NO_COMMON_BLOCKS = YES;
				GCC_OPTIMIZATION_LEVEL = 0;
				GCC_PREPROCESSOR_DEFINITIONS = (
					"DEBUG=1",
					"$(inherited)",
				);
				GCC_WARN_64_TO_32_BIT_CONVERSION = YES;
				GCC_WARN_ABOUT_RETURN_TYPE = YES_ERROR;
				GCC_WARN_UNDECLARED_SELECTOR = YES;
				GCC_WARN_UNINITIALIZED_AUTOS = YES_AGGRESSIVE;
				GCC_WARN_UNUSED_FUNCTION = YES;
				GCC_WARN_UNUSED_VARIABLE = YES;
				IPHONEOS_DEPLOYMENT_TARGET = 9.0;
				MTL_ENABLE_DEBUG_INFO = INCLUDE_SOURCE;
				MTL_FAST_MATH = YES;
				ONLY_ACTIVE_ARCH = YES;
				SDKROOT = iphoneos;
			};
			name = Debug;
		};
		2F9A8C3524ED86340080BB1C /* Release */ = {
			isa = XCBuildConfiguration;
			buildSettings = {
				ALWAYS_SEARCH_USER_PATHS = NO;
				CLANG_ANALYZER_NONNULL = YES;
				CLANG_ANALYZER_NUMBER_OBJECT_CONVERSION = YES_AGGRESSIVE;
				CLANG_CXX_LANGUAGE_STANDARD = "gnu++14";
				CLANG_CXX_LIBRARY = "libc++";
				CLANG_ENABLE_MODULES = YES;
				CLANG_ENABLE_OBJC_ARC = YES;
				CLANG_ENABLE_OBJC_WEAK = YES;
				CLANG_WARN_BLOCK_CAPTURE_AUTORELEASING = YES;
				CLANG_WARN_BOOL_CONVERSION = YES;
				CLANG_WARN_COMMA = YES;
				CLANG_WARN_CONSTANT_CONVERSION = YES;
				CLANG_WARN_DEPRECATED_OBJC_IMPLEMENTATIONS = YES;
				CLANG_WARN_DIRECT_OBJC_ISA_USAGE = YES_ERROR;
				CLANG_WARN_DOCUMENTATION_COMMENTS = YES;
				CLANG_WARN_EMPTY_BODY = YES;
				CLANG_WARN_ENUM_CONVERSION = YES;
				CLANG_WARN_INFINITE_RECURSION = YES;
				CLANG_WARN_INT_CONVERSION = YES;
				CLANG_WARN_NON_LITERAL_NULL_CONVERSION = YES;
				CLANG_WARN_OBJC_IMPLICIT_RETAIN_SELF = YES;
				CLANG_WARN_OBJC_LITERAL_CONVERSION = YES;
				CLANG_WARN_OBJC_ROOT_CLASS = YES_ERROR;
				CLANG_WARN_RANGE_LOOP_ANALYSIS = YES;
				CLANG_WARN_STRICT_PROTOTYPES = YES;
				CLANG_WARN_SUSPICIOUS_MOVE = YES;
				CLANG_WARN_UNGUARDED_AVAILABILITY = YES_AGGRESSIVE;
				CLANG_WARN_UNREACHABLE_CODE = YES;
				CLANG_WARN__DUPLICATE_METHOD_MATCH = YES;
				COPY_PHASE_STRIP = NO;
				DEBUG_INFORMATION_FORMAT = "dwarf-with-dsym";
				ENABLE_NS_ASSERTIONS = NO;
				ENABLE_STRICT_OBJC_MSGSEND = YES;
				GCC_C_LANGUAGE_STANDARD = gnu11;
				GCC_NO_COMMON_BLOCKS = YES;
				GCC_WARN_64_TO_32_BIT_CONVERSION = YES;
				GCC_WARN_ABOUT_RETURN_TYPE = YES_ERROR;
				GCC_WARN_UNDECLARED_SELECTOR = YES;
				GCC_WARN_UNINITIALIZED_AUTOS = YES_AGGRESSIVE;
				GCC_WARN_UNUSED_FUNCTION = YES;
				GCC_WARN_UNUSED_VARIABLE = YES;
				IPHONEOS_DEPLOYMENT_TARGET = 9.0;
				MTL_ENABLE_DEBUG_INFO = NO;
				MTL_FAST_MATH = YES;
				SDKROOT = iphoneos;
				VALIDATE_PRODUCT = YES;
			};
			name = Release;
		};
		2F9A8C3724ED86340080BB1C /* Debug */ = {
			isa = XCBuildConfiguration;
			baseConfigurationReference = 65611868C28A357EE36114BE /* Pods-Snake.debug.xcconfig */;
			buildSettings = {
				ASSETCATALOG_COMPILER_APPICON_NAME = AppIcon;
				CODE_SIGN_STYLE = Automatic;
				DEVELOPMENT_TEAM = 4H52C2E3DJ;
				INFOPLIST_FILE = Snake/Info.plist;
				LD_RUNPATH_SEARCH_PATHS = (
					"$(inherited)",
					"@executable_path/Frameworks",
				);
				MARKETING_VERSION = 1.1;
				PRODUCT_BUNDLE_IDENTIFIER = com.snake.mage;
				PRODUCT_NAME = "$(TARGET_NAME)";
				TARGETED_DEVICE_FAMILY = "1,2";
			};
			name = Debug;
		};
		2F9A8C3824ED86340080BB1C /* Release */ = {
			isa = XCBuildConfiguration;
			baseConfigurationReference = 0D1446BD96F466C891F7E584 /* Pods-Snake.release.xcconfig */;
			buildSettings = {
				ASSETCATALOG_COMPILER_APPICON_NAME = AppIcon;
				CODE_SIGN_STYLE = Automatic;
				DEVELOPMENT_TEAM = 4H52C2E3DJ;
				INFOPLIST_FILE = Snake/Info.plist;
				LD_RUNPATH_SEARCH_PATHS = (
					"$(inherited)",
					"@executable_path/Frameworks",
				);
				MARKETING_VERSION = 1.1;
				PRODUCT_BUNDLE_IDENTIFIER = com.snake.mage;
				PRODUCT_NAME = "$(TARGET_NAME)";
				TARGETED_DEVICE_FAMILY = "1,2";
			};
			name = Release;
		};
/* End XCBuildConfiguration section */

/* Begin XCConfigurationList section */
		2F9A8C1824ED86330080BB1C /* Build configuration list for PBXProject "Snake" */ = {
			isa = XCConfigurationList;
			buildConfigurations = (
				2F9A8C3424ED86340080BB1C /* Debug */,
				2F9A8C3524ED86340080BB1C /* Release */,
			);
			defaultConfigurationIsVisible = 0;
			defaultConfigurationName = Release;
		};
		2F9A8C3624ED86340080BB1C /* Build configuration list for PBXNativeTarget "Snake" */ = {
			isa = XCConfigurationList;
			buildConfigurations = (
				2F9A8C3724ED86340080BB1C /* Debug */,
				2F9A8C3824ED86340080BB1C /* Release */,
			);
			defaultConfigurationIsVisible = 0;
			defaultConfigurationName = Release;
		};
/* End XCConfigurationList section */
	};
	rootObject = 2F9A8C1524ED86320080BB1C /* Project object */;
}
